
Microsoft Visual Studio Solution File, Format Version 12.00
# Visual Studio Version 18
VisualStudioVersion = 18.2.11415.280
MinimumVisualStudioVersion = 10.0.40219.1
Project("{2150E333-8FDC-42A3-9474-1A3956D46DE8}") = "src", "src", "{827E0CD3-B72D-47B6-A68D-7590B98EB39B}"
EndProject
Project("{FAE04EC0-301F-11D3-BF4B-00C04F79EFBC}") = "LD.Domain", "src\LD.Domain\LD.Domain.csproj", "{F4E95114-6435-4D3B-BC0A-4D7A44073ABC}"
EndProject
Project("{FAE04EC0-301F-11D3-BF4B-00C04F79EFBC}") = "LD.Application", "src\LD.Application\LD.Application.csproj", "{A5B65489-E3AA-4171-9E7B-2C2488127AE6}"
EndProject
Project("{FAE04EC0-301F-11D3-BF4B-00C04F79EFBC}") = "LD.Infrastructure", "src\LD.Infrastructure\LD.Infrastructure.csproj", "{6EA288BD-45E9-4E63-9328-8DF215C1BB3D}"
EndProject
Project("{FAE04EC0-301F-11D3-BF4B-00C04F79EFBC}") = "LD.Api", "src\LD.Api\LD.Api.csproj", "{D8CC1A60-B27B-4463-ABF6-8B9164EB16CC}"
EndProject
Project("{FAE04EC0-301F-11D3-BF4B-00C04F79EFBC}") = "LD.Forms", "src\LD.Forms\LD.Forms.csproj", "{5878472C-7F45-44B1-2CDD-AA2BFDFB849F}"
EndProject
Project("{FAE04EC0-301F-11D3-BF4B-00C04F79EFBC}") = "LD.Contracts", "src\LD.Contracts\LD.Contracts.csproj", "{7C71CCFB-9A69-37C6-D857-5B2359DDAD34}"
EndProject
Project("{FAE04EC0-301F-11D3-BF4B-00C04F79EFBC}") = "LD.Client", "src\LD.Client\LD.Client.csproj", "{84ACED3B-695D-0CFF-971A-078929B58C72}"
EndProject
Project("{FAE04EC0-301F-11D3-BF4B-00C04F79EFBC}") = "LD.MobileApp", "src\LD.MobileApp\LD.MobileApp.csproj", "{E0B2AFE9-4F9D-2739-C279-A516F5D603B1}"
EndProject
Global
	GlobalSection(SolutionConfigurationPlatforms) = preSolution
		Debug|Any CPU = Debug|Any CPU
		Debug|x64 = Debug|x64
		Debug|x86 = Debug|x86
		Release|Any CPU = Release|Any CPU
		Release|x64 = Release|x64
		Release|x86 = Release|x86
	EndGlobalSection
	GlobalSection(ProjectConfigurationPlatforms) = postSolution
		{F4E95114-6435-4D3B-BC0A-4D7A44073ABC}.Debug|Any CPU.ActiveCfg = Debug|Any CPU
		{F4E95114-6435-4D3B-BC0A-4D7A44073ABC}.Debug|Any CPU.Build.0 = Debug|Any CPU
		{F4E95114-6435-4D3B-BC0A-4D7A44073ABC}.Debug|x64.ActiveCfg = Debug|Any CPU
		{F4E95114-6435-4D3B-BC0A-4D7A44073ABC}.Debug|x64.Build.0 = Debug|Any CPU
		{F4E95114-6435-4D3B-BC0A-4D7A44073ABC}.Debug|x86.ActiveCfg = Debug|Any CPU
		{F4E95114-6435-4D3B-BC0A-4D7A44073ABC}.Debug|x86.Build.0 = Debug|Any CPU
		{F4E95114-6435-4D3B-BC0A-4D7A44073ABC}.Release|Any CPU.ActiveCfg = Release|Any CPU
		{F4E95114-6435-4D3B-BC0A-4D7A44073ABC}.Release|Any CPU.Build.0 = Release|Any CPU
		{F4E95114-6435-4D3B-BC0A-4D7A44073ABC}.Release|x64.ActiveCfg = Release|Any CPU
		{F4E95114-6435-4D3B-BC0A-4D7A44073ABC}.Release|x64.Build.0 = Release|Any CPU
		{F4E95114-6435-4D3B-BC0A-4D7A44073ABC}.Release|x86.ActiveCfg = Release|Any CPU
		{F4E95114-6435-4D3B-BC0A-4D7A44073ABC}.Release|x86.Build.0 = Release|Any CPU
		{A5B65489-E3AA-4171-9E7B-2C2488127AE6}.Debug|Any CPU.ActiveCfg = Debug|Any CPU
		{A5B65489-E3AA-4171-9E7B-2C2488127AE6}.Debug|Any CPU.Build.0 = Debug|Any CPU
		{A5B65489-E3AA-4171-9E7B-2C2488127AE6}.Debug|x64.ActiveCfg = Debug|Any CPU
		{A5B65489-E3AA-4171-9E7B-2C2488127AE6}.Debug|x64.Build.0 = Debug|Any CPU
		{A5B65489-E3AA-4171-9E7B-2C2488127AE6}.Debug|x86.ActiveCfg = Debug|Any CPU
		{A5B65489-E3AA-4171-9E7B-2C2488127AE6}.Debug|x86.Build.0 = Debug|Any CPU
		{A5B65489-E3AA-4171-9E7B-2C2488127AE6}.Release|Any CPU.ActiveCfg = Release|Any CPU
		{A5B65489-E3AA-4171-9E7B-2C2488127AE6}.Release|Any CPU.Build.0 = Release|Any CPU
		{A5B65489-E3AA-4171-9E7B-2C2488127AE6}.Release|x64.ActiveCfg = Release|Any CPU
		{A5B65489-E3AA-4171-9E7B-2C2488127AE6}.Release|x64.Build.0 = Release|Any CPU
		{A5B65489-E3AA-4171-9E7B-2C2488127AE6}.Release|x86.ActiveCfg = Release|Any CPU
		{A5B65489-E3AA-4171-9E7B-2C2488127AE6}.Release|x86.Build.0 = Release|Any CPU
		{6EA288BD-45E9-4E63-9328-8DF215C1BB3D}.Debug|Any CPU.ActiveCfg = Debug|Any CPU
		{6EA288BD-45E9-4E63-9328-8DF215C1BB3D}.Debug|Any CPU.Build.0 = Debug|Any CPU
		{6EA288BD-45E9-4E63-9328-8DF215C1BB3D}.Debug|x64.ActiveCfg = Debug|Any CPU
		{6EA288BD-45E9-4E63-9328-8DF215C1BB3D}.Debug|x64.Build.0 = Debug|Any CPU
		{6EA288BD-45E9-4E63-9328-8DF215C1BB3D}.Debug|x86.ActiveCfg = Debug|Any CPU
		{6EA288BD-45E9-4E63-9328-8DF215C1BB3D}.Debug|x86.Build.0 = Debug|Any CPU
		{6EA288BD-45E9-4E63-9328-8DF215C1BB3D}.Release|Any CPU.ActiveCfg = Release|Any CPU
		{6EA288BD-45E9-4E63-9328-8DF215C1BB3D}.Release|Any CPU.Build.0 = Release|Any CPU
		{6EA288BD-45E9-4E63-9328-8DF215C1BB3D}.Release|x64.ActiveCfg = Release|Any CPU
		{6EA288BD-45E9-4E63-9328-8DF215C1BB3D}.Release|x64.Build.0 = Release|Any CPU
		{6EA288BD-45E9-4E63-9328-8DF215C1BB3D}.Release|x86.ActiveCfg = Release|Any CPU
		{6EA288BD-45E9-4E63-9328-8DF215C1BB3D}.Release|x86.Build.0 = Release|Any CPU
		{D8CC1A60-B27B-4463-ABF6-8B9164EB16CC}.Debug|Any CPU.ActiveCfg = Debug|Any CPU
		{D8CC1A60-B27B-4463-ABF6-8B9164EB16CC}.Debug|Any CPU.Build.0 = Debug|Any CPU
		{D8CC1A60-B27B-4463-ABF6-8B9164EB16CC}.Debug|x64.ActiveCfg = Debug|Any CPU
		{D8CC1A60-B27B-4463-ABF6-8B9164EB16CC}.Debug|x64.Build.0 = Debug|Any CPU
		{D8CC1A60-B27B-4463-ABF6-8B9164EB16CC}.Debug|x86.ActiveCfg = Debug|Any CPU
		{D8CC1A60-B27B-4463-ABF6-8B9164EB16CC}.Debug|x86.Build.0 = Debug|Any CPU
		{D8CC1A60-B27B-4463-ABF6-8B9164EB16CC}.Release|Any CPU.ActiveCfg = Release|Any CPU
		{D8CC1A60-B27B-4463-ABF6-8B9164EB16CC}.Release|Any CPU.Build.0 = Release|Any CPU
		{D8CC1A60-B27B-4463-ABF6-8B9164EB16CC}.Release|x64.ActiveCfg = Release|Any CPU
		{D8CC1A60-B27B-4463-ABF6-8B9164EB16CC}.Release|x64.Build.0 = Release|Any CPU
		{D8CC1A60-B27B-4463-ABF6-8B9164EB16CC}.Release|x86.ActiveCfg = Release|Any CPU
		{D8CC1A60-B27B-4463-ABF6-8B9164EB16CC}.Release|x86.Build.0 = Release|Any CPU
		{5878472C-7F45-44B1-2CDD-AA2BFDFB849F}.Debug|Any CPU.ActiveCfg = Debug|Any CPU
		{5878472C-7F45-44B1-2CDD-AA2BFDFB849F}.Debug|Any CPU.Build.0 = Debug|Any CPU
		{5878472C-7F45-44B1-2CDD-AA2BFDFB849F}.Debug|x64.ActiveCfg = Debug|Any CPU
		{5878472C-7F45-44B1-2CDD-AA2BFDFB849F}.Debug|x64.Build.0 = Debug|Any CPU
		{5878472C-7F45-44B1-2CDD-AA2BFDFB849F}.Debug|x86.ActiveCfg = Debug|Any CPU
		{5878472C-7F45-44B1-2CDD-AA2BFDFB849F}.Debug|x86.Build.0 = Debug|Any CPU
		{5878472C-7F45-44B1-2CDD-AA2BFDFB849F}.Release|Any CPU.ActiveCfg = Release|Any CPU
		{5878472C-7F45-44B1-2CDD-AA2BFDFB849F}.Release|Any CPU.Build.0 = Release|Any CPU
		{5878472C-7F45-44B1-2CDD-AA2BFDFB849F}.Release|x64.ActiveCfg = Release|Any CPU
		{5878472C-7F45-44B1-2CDD-AA2BFDFB849F}.Release|x64.Build.0 = Release|Any CPU
		{5878472C-7F45-44B1-2CDD-AA2BFDFB849F}.Release|x86.ActiveCfg = Release|Any CPU
		{5878472C-7F45-44B1-2CDD-AA2BFDFB849F}.Release|x86.Build.0 = Release|Any CPU
		{7C71CCFB-9A69-37C6-D857-5B2359DDAD34}.Debug|Any CPU.ActiveCfg = Debug|Any CPU
		{7C71CCFB-9A69-37C6-D857-5B2359DDAD34}.Debug|Any CPU.Build.0 = Debug|Any CPU
		{7C71CCFB-9A69-37C6-D857-5B2359DDAD34}.Debug|x64.ActiveCfg = Debug|Any CPU
		{7C71CCFB-9A69-37C6-D857-5B2359DDAD34}.Debug|x64.Build.0 = Debug|Any CPU
		{7C71CCFB-9A69-37C6-D857-5B2359DDAD34}.Debug|x86.ActiveCfg = Debug|Any CPU
		{7C71CCFB-9A69-37C6-D857-5B2359DDAD34}.Debug|x86.Build.0 = Debug|Any CPU
		{7C71CCFB-9A69-37C6-D857-5B2359DDAD34}.Release|Any CPU.ActiveCfg = Release|Any CPU
		{7C71CCFB-9A69-37C6-D857-5B2359DDAD34}.Release|Any CPU.Build.0 = Release|Any CPU
		{7C71CCFB-9A69-37C6-D857-5B2359DDAD34}.Release|x64.ActiveCfg = Release|Any CPU
		{7C71CCFB-9A69-37C6-D857-5B2359DDAD34}.Release|x64.Build.0 = Release|Any CPU
		{7C71CCFB-9A69-37C6-D857-5B2359DDAD34}.Release|x86.ActiveCfg = Release|Any CPU
		{7C71CCFB-9A69-37C6-D857-5B2359DDAD34}.Release|x86.Build.0 = Release|Any CPU
		{84ACED3B-695D-0CFF-971A-078929B58C72}.Debug|Any CPU.ActiveCfg = Debug|Any CPU
		{84ACED3B-695D-0CFF-971A-078929B58C72}.Debug|Any CPU.Build.0 = Debug|Any CPU
		{84ACED3B-695D-0CFF-971A-078929B58C72}.Debug|x64.ActiveCfg = Debug|Any CPU
		{84ACED3B-695D-0CFF-971A-078929B58C72}.Debug|x64.Build.0 = Debug|Any CPU
		{84ACED3B-695D-0CFF-971A-078929B58C72}.Debug|x86.ActiveCfg = Debug|Any CPU
		{84ACED3B-695D-0CFF-971A-078929B58C72}.Debug|x86.Build.0 = Debug|Any CPU
		{84ACED3B-695D-0CFF-971A-078929B58C72}.Release|Any CPU.ActiveCfg = Release|Any CPU
		{84ACED3B-695D-0CFF-971A-078929B58C72}.Release|Any CPU.Build.0 = Release|Any CPU
		{84ACED3B-695D-0CFF-971A-078929B58C72}.Release|x64.ActiveCfg = Release|Any CPU
		{84ACED3B-695D-0CFF-971A-078929B58C72}.Release|x64.Build.0 = Release|Any CPU
		{84ACED3B-695D-0CFF-971A-078929B58C72}.Release|x86.ActiveCfg = Release|Any CPU
		{84ACED3B-695D-0CFF-971A-078929B58C72}.Release|x86.Build.0 = Release|Any CPU
		{E0B2AFE9-4F9D-2739-C279-A516F5D603B1}.Debug|Any CPU.ActiveCfg = Debug|Any CPU
		{E0B2AFE9-4F9D-2739-C279-A516F5D603B1}.Debug|Any CPU.Build.0 = Debug|Any CPU
		{E0B2AFE9-4F9D-2739-C279-A516F5D603B1}.Debug|x64.ActiveCfg = Debug|Any CPU
		{E0B2AFE9-4F9D-2739-C279-A516F5D603B1}.Debug|x64.Build.0 = Debug|Any CPU
		{E0B2AFE9-4F9D-2739-C279-A516F5D603B1}.Debug|x86.ActiveCfg = Debug|Any CPU
		{E0B2AFE9-4F9D-2739-C279-A516F5D603B1}.Debug|x86.Build.0 = Debug|Any CPU
		{E0B2AFE9-4F9D-2739-C279-A516F5D603B1}.Release|Any CPU.ActiveCfg = Release|Any CPU
		{E0B2AFE9-4F9D-2739-C279-A516F5D603B1}.Release|Any CPU.Build.0 = Release|Any CPU
		{E0B2AFE9-4F9D-2739-C279-A516F5D603B1}.Release|x64.ActiveCfg = Release|Any CPU
		{E0B2AFE9-4F9D-2739-C279-A516F5D603B1}.Release|x64.Build.0 = Release|Any CPU
		{E0B2AFE9-4F9D-2739-C279-A516F5D603B1}.Release|x86.ActiveCfg = Release|Any CPU
		{E0B2AFE9-4F9D-2739-C279-A516F5D603B1}.Release|x86.Build.0 = Release|Any CPU
	EndGlobalSection
	GlobalSection(SolutionProperties) = preSolution
		HideSolutionNode = FALSE
	EndGlobalSection
	GlobalSection(NestedProjects) = preSolution
		{F4E95114-6435-4D3B-BC0A-4D7A44073ABC} = {827E0CD3-B72D-47B6-A68D-7590B98EB39B}
		{A5B65489-E3AA-4171-9E7B-2C2488127AE6} = {827E0CD3-B72D-47B6-A68D-7590B98EB39B}
		{6EA288BD-45E9-4E63-9328-8DF215C1BB3D} = {827E0CD3-B72D-47B6-A68D-7590B98EB39B}
		{D8CC1A60-B27B-4463-ABF6-8B9164EB16CC} = {827E0CD3-B72D-47B6-A68D-7590B98EB39B}
		{5878472C-7F45-44B1-2CDD-AA2BFDFB849F} = {827E0CD3-B72D-47B6-A68D-7590B98EB39B}
		{7C71CCFB-9A69-37C6-D857-5B2359DDAD34} = {827E0CD3-B72D-47B6-A68D-7590B98EB39B}
		{84ACED3B-695D-0CFF-971A-078929B58C72} = {827E0CD3-B72D-47B6-A68D-7590B98EB39B}
		{E0B2AFE9-4F9D-2739-C279-A516F5D603B1} = {827E0CD3-B72D-47B6-A68D-7590B98EB39B}
	EndGlobalSection
	GlobalSection(ExtensibilityGlobals) = postSolution
		SolutionGuid = {A503E096-C475-4513-8876-124BE2067D9D}
	EndGlobalSection
EndGlobal
